// !$*UTF8*$!
{
	archiveVersion = 1;
	classes = {
	};
	objectVersion = 48;
	objects = {

/* Begin PBXBuildFile section */
		1B1EF8AECB42A48BEF9605C1 /* Pods_WeatherTejay.framework in Frameworks */ = {isa = PBXBuildFile; fileRef = 82E2C8DB6F0E9ED82034FD45 /* Pods_WeatherTejay.framework */; };
		231E46EA201EC0DF00C5850F /* Addresses.json in Resources */ = {isa = PBXBuildFile; fileRef = 231E46E9201EC0DE00C5850F /* Addresses.json */; };
		231E46EB201EC0DF00C5850F /* Addresses.json in Resources */ = {isa = PBXBuildFile; fileRef = 231E46E9201EC0DE00C5850F /* Addresses.json */; };
		231E46ED201EC11100C5850F /* SearchViewController.swift in Sources */ = {isa = PBXBuildFile; fileRef = 231E46EC201EC11100C5850F /* SearchViewController.swift */; };
		231E46EF201EDD0100C5850F /* Alamofire.framework in Frameworks */ = {isa = PBXBuildFile; fileRef = 231E46F3201EDD0100C5850F /* Alamofire.framework */; };
		231E46F0201EDD0100C5850F /* Pods_WeatherTejayExtension.framework in Frameworks */ = {isa = PBXBuildFile; fileRef = 231E46F4201EDD0100C5850F /* Pods_WeatherTejayExtension.framework */; };
		231E46F2201EDD0100C5850F /* SwiftyJSON.framework in Frameworks */ = {isa = PBXBuildFile; fileRef = 231E46F6201EDD0100C5850F /* SwiftyJSON.framework */; };
		231E46F7201EE2B100C5850F /* Alamofire.framework in Frameworks */ = {isa = PBXBuildFile; fileRef = 231E46FA201EE2B100C5850F /* Alamofire.framework */; };
		231E46F8201EE2B100C5850F /* Pods_WeatherTejay.framework in Frameworks */ = {isa = PBXBuildFile; fileRef = 231E46FB201EE2B100C5850F /* Pods_WeatherTejay.framework */; };
		231E46F9201EE2B100C5850F /* SwiftyJSON.framework in Frameworks */ = {isa = PBXBuildFile; fileRef = 231E46FC201EE2B100C5850F /* SwiftyJSON.framework */; };
		231E46FE201EE64300C5850F /* AddressCell.swift in Sources */ = {isa = PBXBuildFile; fileRef = 231E46FD201EE64300C5850F /* AddressCell.swift */; };
		231E4702201F8A7600C5850F /* Extension.swift in Sources */ = {isa = PBXBuildFile; fileRef = 231E4701201F8A7600C5850F /* Extension.swift */; };
		231E4704201F9AB700C5850F /* Extension.swift in Sources */ = {isa = PBXBuildFile; fileRef = 231E4701201F8A7600C5850F /* Extension.swift */; };
		231E4708201F9AE300C5850F /* SWRevealViewController.m in Sources */ = {isa = PBXBuildFile; fileRef = 231E4706201F9AE300C5850F /* SWRevealViewController.m */; };
		231F90F3201867D400C0DA34 /* DataModel.swift in Sources */ = {isa = PBXBuildFile; fileRef = 231F90F2201867D400C0DA34 /* DataModel.swift */; };
		23263DC6203B031700142A2E /* LicenseViewController.swift in Sources */ = {isa = PBXBuildFile; fileRef = 23263DC5203B031700142A2E /* LicenseViewController.swift */; };
		232B2EA220162AE6001F260E /* AppDelegate.swift in Sources */ = {isa = PBXBuildFile; fileRef = 232B2EA120162AE6001F260E /* AppDelegate.swift */; };
		232B2EA720162AE7001F260E /* Main.storyboard in Resources */ = {isa = PBXBuildFile; fileRef = 232B2EA520162AE7001F260E /* Main.storyboard */; };
		232B2EAA20162AE7001F260E /* WeatherTejay.xcdatamodeld in Sources */ = {isa = PBXBuildFile; fileRef = 232B2EA820162AE7001F260E /* WeatherTejay.xcdatamodeld */; };
		232B2EAC20162AE7001F260E /* Assets.xcassets in Resources */ = {isa = PBXBuildFile; fileRef = 232B2EAB20162AE7001F260E /* Assets.xcassets */; };
		232B2EAF20162AE7001F260E /* LaunchScreen.storyboard in Resources */ = {isa = PBXBuildFile; fileRef = 232B2EAD20162AE7001F260E /* LaunchScreen.storyboard */; };
		232B2EBD2016C6E0001F260E /* NotificationCenter.framework in Frameworks */ = {isa = PBXBuildFile; fileRef = 232B2EBC2016C6E0001F260E /* NotificationCenter.framework */; };
		232B2EC02016C6E0001F260E /* TodayViewController.swift in Sources */ = {isa = PBXBuildFile; fileRef = 232B2EBF2016C6E0001F260E /* TodayViewController.swift */; };
		232B2EC32016C6E0001F260E /* MainInterface.storyboard in Resources */ = {isa = PBXBuildFile; fileRef = 232B2EC12016C6E0001F260E /* MainInterface.storyboard */; };
		232B2EC72016C6E0001F260E /* WeatherTejayExtension.appex in Embed App Extensions */ = {isa = PBXBuildFile; fileRef = 232B2EBA2016C6E0001F260E /* WeatherTejayExtension.appex */; settings = {ATTRIBUTES = (RemoveHeadersOnCopy, ); }; };
		232B2ECD201704F0001F260E /* Constant.swift in Sources */ = {isa = PBXBuildFile; fileRef = 232B2ECC201704F0001F260E /* Constant.swift */; };
		232B2ED0201705AC001F260E /* Constant.swift in Sources */ = {isa = PBXBuildFile; fileRef = 232B2ECC201704F0001F260E /* Constant.swift */; };
		232B2ED2201705D1001F260E /* MainViewController.swift in Sources */ = {isa = PBXBuildFile; fileRef = 232B2ED1201705D1001F260E /* MainViewController.swift */; };
		232B2ED4201716A3001F260E /* SplashViewController.swift in Sources */ = {isa = PBXBuildFile; fileRef = 232B2ED3201716A3001F260E /* SplashViewController.swift */; };
		232B2EDD2017249A001F260E /* CellA.swift in Sources */ = {isa = PBXBuildFile; fileRef = 232B2EDC2017249A001F260E /* CellA.swift */; };
		232B2EDF201724A6001F260E /* CellB.swift in Sources */ = {isa = PBXBuildFile; fileRef = 232B2EDE201724A6001F260E /* CellB.swift */; };
		232B2EE120172567001F260E /* ItemCellA.swift in Sources */ = {isa = PBXBuildFile; fileRef = 232B2EE020172567001F260E /* ItemCellA.swift */; };
		232B2EE320172573001F260E /* ItemCellB.swift in Sources */ = {isa = PBXBuildFile; fileRef = 232B2EE220172573001F260E /* ItemCellB.swift */; };
		232CE94E2022274E00B5E0B1 /* WeatherModel.swift in Sources */ = {isa = PBXBuildFile; fileRef = 232CE94D2022274E00B5E0B1 /* WeatherModel.swift */; };
		232CE9502022275900B5E0B1 /* DustModel.swift in Sources */ = {isa = PBXBuildFile; fileRef = 232CE94F2022275900B5E0B1 /* DustModel.swift */; };
		232CE9522024669200B5E0B1 /* MenuViewController.swift in Sources */ = {isa = PBXBuildFile; fileRef = 232CE9512024669200B5E0B1 /* MenuViewController.swift */; };
		232CE954202473A300B5E0B1 /* yanoljaTFBold.otf in Resources */ = {isa = PBXBuildFile; fileRef = 232CE953202473A200B5E0B1 /* yanoljaTFBold.otf */; };
		2334A4E02052FD5400D5C3C6 /* WebViewController.swift in Sources */ = {isa = PBXBuildFile; fileRef = 2334A4DF2052FD5400D5C3C6 /* WebViewController.swift */; };
		2334A4E22052FEAE00D5C3C6 /* GoogleService-Info.plist in Resources */ = {isa = PBXBuildFile; fileRef = 2334A4E12052FEAE00D5C3C6 /* GoogleService-Info.plist */; };
		23EBDF68203802C400D99519 /* MenuCell.swift in Sources */ = {isa = PBXBuildFile; fileRef = 23EBDF67203802C400D99519 /* MenuCell.swift */; };
		23EBDF6A2038073A00D99519 /* AboutViewController.swift in Sources */ = {isa = PBXBuildFile; fileRef = 23EBDF692038073A00D99519 /* AboutViewController.swift */; };
		23FB189A2035550900C21597 /* DataModel.swift in Sources */ = {isa = PBXBuildFile; fileRef = 231F90F2201867D400C0DA34 /* DataModel.swift */; };
		23FB189B2035550900C21597 /* WeatherModel.swift in Sources */ = {isa = PBXBuildFile; fileRef = 232CE94D2022274E00B5E0B1 /* WeatherModel.swift */; };
		23FB189C2035550900C21597 /* DustModel.swift in Sources */ = {isa = PBXBuildFile; fileRef = 232CE94F2022275900B5E0B1 /* DustModel.swift */; };
		23FB189F20355AFF00C21597 /* Assets.xcassets in Resources */ = {isa = PBXBuildFile; fileRef = 232B2EAB20162AE7001F260E /* Assets.xcassets */; };
		23FB18A020355AFF00C21597 /* yanoljaTFBold.otf in Resources */ = {isa = PBXBuildFile; fileRef = 232CE953202473A200B5E0B1 /* yanoljaTFBold.otf */; };
		2FEDE924A5908054BBF37CC8 /* Pods_WeatherTejayExtension.framework in Frameworks */ = {isa = PBXBuildFile; fileRef = D7008E835FDCA4661BADE185 /* Pods_WeatherTejayExtension.framework */; };
		5ACA4D0CE032CA67DC86B349 /* Pods_WeatherTejayExtension.framework in Frameworks */ = {isa = PBXBuildFile; fileRef = 231E46F4201EDD0100C5850F /* Pods_WeatherTejayExtension.framework */; };
		A0DC78EAC28212893A6350DC /* Pods_WeatherTejay.framework in Frameworks */ = {isa = PBXBuildFile; fileRef = 231E46FB201EE2B100C5850F /* Pods_WeatherTejay.framework */; };
/* End PBXBuildFile section */

/* Begin PBXContainerItemProxy section */
		232B2EC52016C6E0001F260E /* PBXContainerItemProxy */ = {
			isa = PBXContainerItemProxy;
			containerPortal = 232B2E9620162AE6001F260E /* Project object */;
			proxyType = 1;
			remoteGlobalIDString = 232B2EB92016C6E0001F260E;
			remoteInfo = WeatherTejayExtension;
		};
/* End PBXContainerItemProxy section */

/* Begin PBXCopyFilesBuildPhase section */
		232B2ECB2016C6E0001F260E /* Embed App Extensions */ = {
			isa = PBXCopyFilesBuildPhase;
			buildActionMask = 2147483647;
			dstPath = "";
			dstSubfolderSpec = 13;
			files = (
				232B2EC72016C6E0001F260E /* WeatherTejayExtension.appex in Embed App Extensions */,
			);
			name = "Embed App Extensions";
			runOnlyForDeploymentPostprocessing = 0;
		};
/* End PBXCopyFilesBuildPhase section */

/* Begin PBXFileReference section */
		075A1D7F6E037A5702431BAD /* Pods-WeatherTejayExtension.debug.xcconfig */ = {isa = PBXFileReference; includeInIndex = 1; lastKnownFileType = text.xcconfig; name = "Pods-WeatherTejayExtension.debug.xcconfig"; path = "Pods/Target Support Files/Pods-WeatherTejayExtension/Pods-WeatherTejayExtension.debug.xcconfig"; sourceTree = "<group>"; };
		231E46E9201EC0DE00C5850F /* Addresses.json */ = {isa = PBXFileReference; fileEncoding = 4; lastKnownFileType = text.json; path = Addresses.json; sourceTree = "<group>"; };
		231E46EC201EC11100C5850F /* SearchViewController.swift */ = {isa = PBXFileReference; lastKnownFileType = sourcecode.swift; path = SearchViewController.swift; sourceTree = "<group>"; };
		231E46F3201EDD0100C5850F /* Alamofire.framework */ = {isa = PBXFileReference; explicitFileType = wrapper.framework; path = Alamofire.framework; sourceTree = BUILT_PRODUCTS_DIR; };
		231E46F4201EDD0100C5850F /* Pods_WeatherTejayExtension.framework */ = {isa = PBXFileReference; explicitFileType = wrapper.framework; path = Pods_WeatherTejayExtension.framework; sourceTree = BUILT_PRODUCTS_DIR; };
		231E46F5201EDD0100C5850F /* SVProgressHUD.framework */ = {isa = PBXFileReference; explicitFileType = wrapper.framework; path = SVProgressHUD.framework; sourceTree = BUILT_PRODUCTS_DIR; };
		231E46F6201EDD0100C5850F /* SwiftyJSON.framework */ = {isa = PBXFileReference; explicitFileType = wrapper.framework; path = SwiftyJSON.framework; sourceTree = BUILT_PRODUCTS_DIR; };
		231E46FA201EE2B100C5850F /* Alamofire.framework */ = {isa = PBXFileReference; explicitFileType = wrapper.framework; path = Alamofire.framework; sourceTree = BUILT_PRODUCTS_DIR; };
		231E46FB201EE2B100C5850F /* Pods_WeatherTejay.framework */ = {isa = PBXFileReference; explicitFileType = wrapper.framework; path = Pods_WeatherTejay.framework; sourceTree = BUILT_PRODUCTS_DIR; };
		231E46FC201EE2B100C5850F /* SwiftyJSON.framework */ = {isa = PBXFileReference; explicitFileType = wrapper.framework; path = SwiftyJSON.framework; sourceTree = BUILT_PRODUCTS_DIR; };
		231E46FD201EE64300C5850F /* AddressCell.swift */ = {isa = PBXFileReference; lastKnownFileType = sourcecode.swift; path = AddressCell.swift; sourceTree = "<group>"; };
		231E4701201F8A7600C5850F /* Extension.swift */ = {isa = PBXFileReference; lastKnownFileType = sourcecode.swift; path = Extension.swift; sourceTree = "<group>"; };
		231E4705201F9AE200C5850F /* WeatherTejay-Bridging-Header.h */ = {isa = PBXFileReference; lastKnownFileType = sourcecode.c.h; path = "WeatherTejay-Bridging-Header.h"; sourceTree = "<group>"; };
		231E4706201F9AE300C5850F /* SWRevealViewController.m */ = {isa = PBXFileReference; fileEncoding = 4; lastKnownFileType = sourcecode.c.objc; path = SWRevealViewController.m; sourceTree = "<group>"; };
		231E4707201F9AE300C5850F /* SWRevealViewController.h */ = {isa = PBXFileReference; fileEncoding = 4; lastKnownFileType = sourcecode.c.h; path = SWRevealViewController.h; sourceTree = "<group>"; };
		231F90F2201867D400C0DA34 /* DataModel.swift */ = {isa = PBXFileReference; lastKnownFileType = sourcecode.swift; path = DataModel.swift; sourceTree = "<group>"; };
		23263DC5203B031700142A2E /* LicenseViewController.swift */ = {isa = PBXFileReference; lastKnownFileType = sourcecode.swift; path = LicenseViewController.swift; sourceTree = "<group>"; };
		232808F22037282D00EBE3E0 /* PKHUD.framework */ = {isa = PBXFileReference; explicitFileType = wrapper.framework; path = PKHUD.framework; sourceTree = BUILT_PRODUCTS_DIR; };
		2329EC3B204CFCEB00444FB2 /* WeatherTejayExtension.entitlements */ = {isa = PBXFileReference; lastKnownFileType = text.plist.entitlements; path = WeatherTejayExtension.entitlements; sourceTree = "<group>"; };
		2329EC3C204D154700444FB2 /* ko */ = {isa = PBXFileReference; lastKnownFileType = text.plist.strings; name = ko; path = ko.lproj/Main.strings; sourceTree = "<group>"; };
		2329EC3D204D154700444FB2 /* ko */ = {isa = PBXFileReference; lastKnownFileType = text.plist.strings; name = ko; path = ko.lproj/LaunchScreen.strings; sourceTree = "<group>"; };
		2329EC3E204D154700444FB2 /* ko */ = {isa = PBXFileReference; lastKnownFileType = text.plist.strings; name = ko; path = ko.lproj/MainInterface.strings; sourceTree = "<group>"; };
		232B2E9E20162AE6001F260E /* WeatherTejay.app */ = {isa = PBXFileReference; explicitFileType = wrapper.application; includeInIndex = 0; path = WeatherTejay.app; sourceTree = BUILT_PRODUCTS_DIR; };
		232B2EA120162AE6001F260E /* AppDelegate.swift */ = {isa = PBXFileReference; lastKnownFileType = sourcecode.swift; path = AppDelegate.swift; sourceTree = "<group>"; };
		232B2EA620162AE7001F260E /* Base */ = {isa = PBXFileReference; lastKnownFileType = file.storyboard; name = Base; path = Base.lproj/Main.storyboard; sourceTree = "<group>"; };
		232B2EA920162AE7001F260E /* WeatherTejay.xcdatamodel */ = {isa = PBXFileReference; lastKnownFileType = wrapper.xcdatamodel; path = WeatherTejay.xcdatamodel; sourceTree = "<group>"; };
		232B2EAB20162AE7001F260E /* Assets.xcassets */ = {isa = PBXFileReference; lastKnownFileType = folder.assetcatalog; path = Assets.xcassets; sourceTree = "<group>"; };
		232B2EAE20162AE7001F260E /* Base */ = {isa = PBXFileReference; lastKnownFileType = file.storyboard; name = Base; path = Base.lproj/LaunchScreen.storyboard; sourceTree = "<group>"; };
		232B2EB020162AE7001F260E /* Info.plist */ = {isa = PBXFileReference; lastKnownFileType = text.plist.xml; path = Info.plist; sourceTree = "<group>"; };
		232B2EBA2016C6E0001F260E /* WeatherTejayExtension.appex */ = {isa = PBXFileReference; explicitFileType = "wrapper.app-extension"; includeInIndex = 0; path = WeatherTejayExtension.appex; sourceTree = BUILT_PRODUCTS_DIR; };
		232B2EBC2016C6E0001F260E /* NotificationCenter.framework */ = {isa = PBXFileReference; lastKnownFileType = wrapper.framework; name = NotificationCenter.framework; path = System/Library/Frameworks/NotificationCenter.framework; sourceTree = SDKROOT; };
		232B2EBF2016C6E0001F260E /* TodayViewController.swift */ = {isa = PBXFileReference; lastKnownFileType = sourcecode.swift; path = TodayViewController.swift; sourceTree = "<group>"; };
		232B2EC22016C6E0001F260E /* Base */ = {isa = PBXFileReference; lastKnownFileType = file.storyboard; name = Base; path = Base.lproj/MainInterface.storyboard; sourceTree = "<group>"; };
		232B2EC42016C6E0001F260E /* Info.plist */ = {isa = PBXFileReference; lastKnownFileType = text.plist.xml; path = Info.plist; sourceTree = "<group>"; };
		232B2ECC201704F0001F260E /* Constant.swift */ = {isa = PBXFileReference; lastKnownFileType = sourcecode.swift; path = Constant.swift; sourceTree = "<group>"; };
		232B2ED1201705D1001F260E /* MainViewController.swift */ = {isa = PBXFileReference; lastKnownFileType = sourcecode.swift; path = MainViewController.swift; sourceTree = "<group>"; };
		232B2ED3201716A3001F260E /* SplashViewController.swift */ = {isa = PBXFileReference; lastKnownFileType = sourcecode.swift; path = SplashViewController.swift; sourceTree = "<group>"; };
		232B2EDC2017249A001F260E /* CellA.swift */ = {isa = PBXFileReference; lastKnownFileType = sourcecode.swift; path = CellA.swift; sourceTree = "<group>"; };
		232B2EDE201724A6001F260E /* CellB.swift */ = {isa = PBXFileReference; lastKnownFileType = sourcecode.swift; path = CellB.swift; sourceTree = "<group>"; };
		232B2EE020172567001F260E /* ItemCellA.swift */ = {isa = PBXFileReference; lastKnownFileType = sourcecode.swift; path = ItemCellA.swift; sourceTree = "<group>"; };
		232B2EE220172573001F260E /* ItemCellB.swift */ = {isa = PBXFileReference; lastKnownFileType = sourcecode.swift; path = ItemCellB.swift; sourceTree = "<group>"; };
		232CE94D2022274E00B5E0B1 /* WeatherModel.swift */ = {isa = PBXFileReference; lastKnownFileType = sourcecode.swift; path = WeatherModel.swift; sourceTree = "<group>"; };
		232CE94F2022275900B5E0B1 /* DustModel.swift */ = {isa = PBXFileReference; lastKnownFileType = sourcecode.swift; path = DustModel.swift; sourceTree = "<group>"; };
		232CE9512024669200B5E0B1 /* MenuViewController.swift */ = {isa = PBXFileReference; lastKnownFileType = sourcecode.swift; path = MenuViewController.swift; sourceTree = "<group>"; };
		232CE953202473A200B5E0B1 /* yanoljaTFBold.otf */ = {isa = PBXFileReference; lastKnownFileType = file; path = yanoljaTFBold.otf; sourceTree = "<group>"; };
		2334A4DF2052FD5400D5C3C6 /* WebViewController.swift */ = {isa = PBXFileReference; lastKnownFileType = sourcecode.swift; path = WebViewController.swift; sourceTree = "<group>"; };
		2334A4E12052FEAE00D5C3C6 /* GoogleService-Info.plist */ = {isa = PBXFileReference; fileEncoding = 4; lastKnownFileType = text.plist.xml; path = "GoogleService-Info.plist"; sourceTree = "<group>"; };
		23EBDF67203802C400D99519 /* MenuCell.swift */ = {isa = PBXFileReference; lastKnownFileType = sourcecode.swift; path = MenuCell.swift; sourceTree = "<group>"; };
		23EBDF692038073A00D99519 /* AboutViewController.swift */ = {isa = PBXFileReference; lastKnownFileType = sourcecode.swift; path = AboutViewController.swift; sourceTree = "<group>"; };
		3586AFF9490ABE383441F619 /* Pods-WeatherTejayExtension.release.xcconfig */ = {isa = PBXFileReference; includeInIndex = 1; lastKnownFileType = text.xcconfig; name = "Pods-WeatherTejayExtension.release.xcconfig"; path = "Pods/Target Support Files/Pods-WeatherTejayExtension/Pods-WeatherTejayExtension.release.xcconfig"; sourceTree = "<group>"; };
		82E2C8DB6F0E9ED82034FD45 /* Pods_WeatherTejay.framework */ = {isa = PBXFileReference; explicitFileType = wrapper.framework; includeInIndex = 0; path = Pods_WeatherTejay.framework; sourceTree = BUILT_PRODUCTS_DIR; };
		D3AD682F264EECD41BE2E41B /* Pods-WeatherTejay.release.xcconfig */ = {isa = PBXFileReference; includeInIndex = 1; lastKnownFileType = text.xcconfig; name = "Pods-WeatherTejay.release.xcconfig"; path = "Pods/Target Support Files/Pods-WeatherTejay/Pods-WeatherTejay.release.xcconfig"; sourceTree = "<group>"; };
		D7008E835FDCA4661BADE185 /* Pods_WeatherTejayExtension.framework */ = {isa = PBXFileReference; explicitFileType = wrapper.framework; includeInIndex = 0; path = Pods_WeatherTejayExtension.framework; sourceTree = BUILT_PRODUCTS_DIR; };
		E2172F0AC0895C3B5DECBD9A /* Pods-WeatherTejay.debug.xcconfig */ = {isa = PBXFileReference; includeInIndex = 1; lastKnownFileType = text.xcconfig; name = "Pods-WeatherTejay.debug.xcconfig"; path = "Pods/Target Support Files/Pods-WeatherTejay/Pods-WeatherTejay.debug.xcconfig"; sourceTree = "<group>"; };
/* End PBXFileReference section */

/* Begin PBXFrameworksBuildPhase section */
		232B2E9B20162AE6001F260E /* Frameworks */ = {
			isa = PBXFrameworksBuildPhase;
			buildActionMask = 2147483647;
			files = (
				231E46EF201EDD0100C5850F /* Alamofire.framework in Frameworks */,
				231E46F0201EDD0100C5850F /* Pods_WeatherTejayExtension.framework in Frameworks */,
				231E46F2201EDD0100C5850F /* SwiftyJSON.framework in Frameworks */,
				1B1EF8AECB42A48BEF9605C1 /* Pods_WeatherTejay.framework in Frameworks */,
				A0DC78EAC28212893A6350DC /* Pods_WeatherTejay.framework in Frameworks */,
			);
			runOnlyForDeploymentPostprocessing = 0;
		};
		232B2EB72016C6E0001F260E /* Frameworks */ = {
			isa = PBXFrameworksBuildPhase;
			buildActionMask = 2147483647;
			files = (
				231E46F7201EE2B100C5850F /* Alamofire.framework in Frameworks */,
				231E46F8201EE2B100C5850F /* Pods_WeatherTejay.framework in Frameworks */,
				231E46F9201EE2B100C5850F /* SwiftyJSON.framework in Frameworks */,
				232B2EBD2016C6E0001F260E /* NotificationCenter.framework in Frameworks */,
				2FEDE924A5908054BBF37CC8 /* Pods_WeatherTejayExtension.framework in Frameworks */,
				5ACA4D0CE032CA67DC86B349 /* Pods_WeatherTejayExtension.framework in Frameworks */,
			);
			runOnlyForDeploymentPostprocessing = 0;
		};
/* End PBXFrameworksBuildPhase section */

/* Begin PBXGroup section */
		231E4703201F9AA400C5850F /* Supporting Files */ = {
			isa = PBXGroup;
			children = (
				232B2ECC201704F0001F260E /* Constant.swift */,
				231E4701201F8A7600C5850F /* Extension.swift */,
				231E4707201F9AE300C5850F /* SWRevealViewController.h */,
				231E4706201F9AE300C5850F /* SWRevealViewController.m */,
				231E4705201F9AE200C5850F /* WeatherTejay-Bridging-Header.h */,
			);
			path = "Supporting Files";
			sourceTree = "<group>";
		};
		231F90F4201867D600C0DA34 /* Model */ = {
			isa = PBXGroup;
			children = (
				231F90F2201867D400C0DA34 /* DataModel.swift */,
				232CE94D2022274E00B5E0B1 /* WeatherModel.swift */,
				232CE94F2022275900B5E0B1 /* DustModel.swift */,
			);
			path = Model;
			sourceTree = "<group>";
		};
		232B2E9520162AE6001F260E = {
			isa = PBXGroup;
			children = (
				232B2EA020162AE6001F260E /* WeatherTejay */,
				232B2EBE2016C6E0001F260E /* WeatherTejayExtension */,
				232B2EBB2016C6E0001F260E /* Frameworks */,
				232B2E9F20162AE6001F260E /* Products */,
				D6804B3D1863690EC57B0421 /* Pods */,
			);
			sourceTree = "<group>";
		};
		232B2E9F20162AE6001F260E /* Products */ = {
			isa = PBXGroup;
			children = (
				232B2E9E20162AE6001F260E /* WeatherTejay.app */,
				232B2EBA2016C6E0001F260E /* WeatherTejayExtension.appex */,
			);
			name = Products;
			sourceTree = "<group>";
		};
		232B2EA020162AE6001F260E /* WeatherTejay */ = {
			isa = PBXGroup;
			children = (
				231E4703201F9AA400C5850F /* Supporting Files */,
				231F90F4201867D600C0DA34 /* Model */,
				232B2EE4201731FA001F260E /* ViewController */,
				232B2EE520173210001F260E /* View */,
				232B2EA120162AE6001F260E /* AppDelegate.swift */,
				232B2EAB20162AE7001F260E /* Assets.xcassets */,
				232B2EAD20162AE7001F260E /* LaunchScreen.storyboard */,
				232B2EB020162AE7001F260E /* Info.plist */,
				231E46E9201EC0DE00C5850F /* Addresses.json */,
				232B2EA820162AE7001F260E /* WeatherTejay.xcdatamodeld */,
				232CE953202473A200B5E0B1 /* yanoljaTFBold.otf */,
				2334A4E12052FEAE00D5C3C6 /* GoogleService-Info.plist */,
			);
			path = WeatherTejay;
			sourceTree = "<group>";
		};
		232B2EBB2016C6E0001F260E /* Frameworks */ = {
			isa = PBXGroup;
			children = (
				232808F22037282D00EBE3E0 /* PKHUD.framework */,
				231E46FA201EE2B100C5850F /* Alamofire.framework */,
				231E46FB201EE2B100C5850F /* Pods_WeatherTejay.framework */,
				231E46FC201EE2B100C5850F /* SwiftyJSON.framework */,
				231E46F3201EDD0100C5850F /* Alamofire.framework */,
				231E46F4201EDD0100C5850F /* Pods_WeatherTejayExtension.framework */,
				231E46F5201EDD0100C5850F /* SVProgressHUD.framework */,
				231E46F6201EDD0100C5850F /* SwiftyJSON.framework */,
				232B2EBC2016C6E0001F260E /* NotificationCenter.framework */,
				82E2C8DB6F0E9ED82034FD45 /* Pods_WeatherTejay.framework */,
				D7008E835FDCA4661BADE185 /* Pods_WeatherTejayExtension.framework */,
			);
			name = Frameworks;
			sourceTree = "<group>";
		};
		232B2EBE2016C6E0001F260E /* WeatherTejayExtension */ = {
			isa = PBXGroup;
			children = (
				2329EC3B204CFCEB00444FB2 /* WeatherTejayExtension.entitlements */,
				232B2EBF2016C6E0001F260E /* TodayViewController.swift */,
				232B2EC12016C6E0001F260E /* MainInterface.storyboard */,
				232B2EC42016C6E0001F260E /* Info.plist */,
			);
			path = WeatherTejayExtension;
			sourceTree = "<group>";
		};
		232B2EE4201731FA001F260E /* ViewController */ = {
			isa = PBXGroup;
			children = (
				232B2ED3201716A3001F260E /* SplashViewController.swift */,
				232CE9512024669200B5E0B1 /* MenuViewController.swift */,
				23EBDF692038073A00D99519 /* AboutViewController.swift */,
				23263DC5203B031700142A2E /* LicenseViewController.swift */,
				232B2ED1201705D1001F260E /* MainViewController.swift */,
				231E46EC201EC11100C5850F /* SearchViewController.swift */,
				2334A4DF2052FD5400D5C3C6 /* WebViewController.swift */,
			);
			path = ViewController;
			sourceTree = "<group>";
		};
		232B2EE520173210001F260E /* View */ = {
			isa = PBXGroup;
			children = (
				232B2EDC2017249A001F260E /* CellA.swift */,
				232B2EE020172567001F260E /* ItemCellA.swift */,
				232B2EDE201724A6001F260E /* CellB.swift */,
				232B2EE220172573001F260E /* ItemCellB.swift */,
				23EBDF67203802C400D99519 /* MenuCell.swift */,
				231E46FD201EE64300C5850F /* AddressCell.swift */,
				232B2EA520162AE7001F260E /* Main.storyboard */,
			);
			path = View;
			sourceTree = "<group>";
		};
		D6804B3D1863690EC57B0421 /* Pods */ = {
			isa = PBXGroup;
			children = (
				E2172F0AC0895C3B5DECBD9A /* Pods-WeatherTejay.debug.xcconfig */,
				D3AD682F264EECD41BE2E41B /* Pods-WeatherTejay.release.xcconfig */,
				075A1D7F6E037A5702431BAD /* Pods-WeatherTejayExtension.debug.xcconfig */,
				3586AFF9490ABE383441F619 /* Pods-WeatherTejayExtension.release.xcconfig */,
			);
			name = Pods;
			sourceTree = "<group>";
		};
/* End PBXGroup section */

/* Begin PBXNativeTarget section */
		232B2E9D20162AE6001F260E /* WeatherTejay */ = {
			isa = PBXNativeTarget;
			buildConfigurationList = 232B2EB320162AE7001F260E /* Build configuration list for PBXNativeTarget "WeatherTejay" */;
			buildPhases = (
				E9C66DE15E3A2ADCE7404236 /* [CP] Check Pods Manifest.lock */,
				232B2E9A20162AE6001F260E /* Sources */,
				232B2E9B20162AE6001F260E /* Frameworks */,
				232B2E9C20162AE6001F260E /* Resources */,
				232B2ECB2016C6E0001F260E /* Embed App Extensions */,
				A4A30457169E996E1C5D4321 /* [CP] Embed Pods Frameworks */,
				608640254D8616F38502AB35 /* [CP] Copy Pods Resources */,
			);
			buildRules = (
			);
			dependencies = (
				232B2EC62016C6E0001F260E /* PBXTargetDependency */,
			);
			name = WeatherTejay;
			productName = WeatherTejay;
			productReference = 232B2E9E20162AE6001F260E /* WeatherTejay.app */;
			productType = "com.apple.product-type.application";
		};
		232B2EB92016C6E0001F260E /* WeatherTejayExtension */ = {
			isa = PBXNativeTarget;
			buildConfigurationList = 232B2EC82016C6E0001F260E /* Build configuration list for PBXNativeTarget "WeatherTejayExtension" */;
			buildPhases = (
				A9C938C8FD844F9385F4469D /* [CP] Check Pods Manifest.lock */,
				232B2EB62016C6E0001F260E /* Sources */,
				232B2EB72016C6E0001F260E /* Frameworks */,
				232B2EB82016C6E0001F260E /* Resources */,
				C667C1AA7AB36D787574016D /* [CP] Copy Pods Resources */,
			);
			buildRules = (
			);
			dependencies = (
			);
			name = WeatherTejayExtension;
			productName = WeatherTejayExtension;
			productReference = 232B2EBA2016C6E0001F260E /* WeatherTejayExtension.appex */;
			productType = "com.apple.product-type.app-extension";
		};
/* End PBXNativeTarget section */

/* Begin PBXProject section */
		232B2E9620162AE6001F260E /* Project object */ = {
			isa = PBXProject;
			attributes = {
				LastSwiftUpdateCheck = 0920;
				LastUpgradeCheck = 0920;
				ORGANIZATIONNAME = devtejay;
				TargetAttributes = {
					232B2E9D20162AE6001F260E = {
						CreatedOnToolsVersion = 9.2;
						LastSwiftMigration = 0920;
						ProvisioningStyle = Automatic;
					};
					232B2EB92016C6E0001F260E = {
						CreatedOnToolsVersion = 9.2;
						ProvisioningStyle = Automatic;
						SystemCapabilities = {
							com.apple.ApplicationGroups.iOS = {
								enabled = 0;
							};
						};
					};
				};
			};
			buildConfigurationList = 232B2E9920162AE6001F260E /* Build configuration list for PBXProject "WeatherTejay" */;
			compatibilityVersion = "Xcode 8.0";
			developmentRegion = en;
			hasScannedForEncodings = 0;
			knownRegions = (
				en,
				Base,
			);
			mainGroup = 232B2E9520162AE6001F260E;
			productRefGroup = 232B2E9F20162AE6001F260E /* Products */;
			projectDirPath = "";
			projectRoot = "";
			targets = (
				232B2E9D20162AE6001F260E /* WeatherTejay */,
				232B2EB92016C6E0001F260E /* WeatherTejayExtension */,
			);
		};
/* End PBXProject section */

/* Begin PBXResourcesBuildPhase section */
		232B2E9C20162AE6001F260E /* Resources */ = {
			isa = PBXResourcesBuildPhase;
			buildActionMask = 2147483647;
			files = (
				231E46EA201EC0DF00C5850F /* Addresses.json in Resources */,
				232B2EAF20162AE7001F260E /* LaunchScreen.storyboard in Resources */,
				232B2EAC20162AE7001F260E /* Assets.xcassets in Resources */,
				232CE954202473A300B5E0B1 /* yanoljaTFBold.otf in Resources */,
				232B2EA720162AE7001F260E /* Main.storyboard in Resources */,
				2334A4E22052FEAE00D5C3C6 /* GoogleService-Info.plist in Resources */,
			);
			runOnlyForDeploymentPostprocessing = 0;
		};
		232B2EB82016C6E0001F260E /* Resources */ = {
			isa = PBXResourcesBuildPhase;
			buildActionMask = 2147483647;
			files = (
				23FB189F20355AFF00C21597 /* Assets.xcassets in Resources */,
				23FB18A020355AFF00C21597 /* yanoljaTFBold.otf in Resources */,
				231E46EB201EC0DF00C5850F /* Addresses.json in Resources */,
				232B2EC32016C6E0001F260E /* MainInterface.storyboard in Resources */,
			);
			runOnlyForDeploymentPostprocessing = 0;
		};
/* End PBXResourcesBuildPhase section */

/* Begin PBXShellScriptBuildPhase section */
		608640254D8616F38502AB35 /* [CP] Copy Pods Resources */ = {
			isa = PBXShellScriptBuildPhase;
			buildActionMask = 2147483647;
			files = (
			);
			inputPaths = (
			);
			name = "[CP] Copy Pods Resources";
			outputPaths = (
			);
			runOnlyForDeploymentPostprocessing = 0;
			shellPath = /bin/sh;
			shellScript = "\"${SRCROOT}/Pods/Target Support Files/Pods-WeatherTejay/Pods-WeatherTejay-resources.sh\"\n";
			showEnvVarsInLog = 0;
		};
		A4A30457169E996E1C5D4321 /* [CP] Embed Pods Frameworks */ = {
			isa = PBXShellScriptBuildPhase;
			buildActionMask = 2147483647;
			files = (
			);
			inputPaths = (
				"${SRCROOT}/Pods/Target Support Files/Pods-WeatherTejay/Pods-WeatherTejay-frameworks.sh",
				"${BUILT_PRODUCTS_DIR}/Alamofire/Alamofire.framework",
				"${BUILT_PRODUCTS_DIR}/GoogleToolboxForMac/GoogleToolboxForMac.framework",
				"${BUILT_PRODUCTS_DIR}/PKHUD/PKHUD.framework",
				"${BUILT_PRODUCTS_DIR}/SnapKit/SnapKit.framework",
				"${BUILT_PRODUCTS_DIR}/SwiftyJSON/SwiftyJSON.framework",
				"${BUILT_PRODUCTS_DIR}/nanopb/nanopb.framework",
			);
			name = "[CP] Embed Pods Frameworks";
			outputPaths = (
				"${TARGET_BUILD_DIR}/${FRAMEWORKS_FOLDER_PATH}/Alamofire.framework",
				"${TARGET_BUILD_DIR}/${FRAMEWORKS_FOLDER_PATH}/GoogleToolboxForMac.framework",
				"${TARGET_BUILD_DIR}/${FRAMEWORKS_FOLDER_PATH}/PKHUD.framework",
				"${TARGET_BUILD_DIR}/${FRAMEWORKS_FOLDER_PATH}/SnapKit.framework",
				"${TARGET_BUILD_DIR}/${FRAMEWORKS_FOLDER_PATH}/SwiftyJSON.framework",
				"${TARGET_BUILD_DIR}/${FRAMEWORKS_FOLDER_PATH}/nanopb.framework",
			);
			runOnlyForDeploymentPostprocessing = 0;
			shellPath = /bin/sh;
			shellScript = "\"${SRCROOT}/Pods/Target Support Files/Pods-WeatherTejay/Pods-WeatherTejay-frameworks.sh\"\n";
			showEnvVarsInLog = 0;
		};
		A9C938C8FD844F9385F4469D /* [CP] Check Pods Manifest.lock */ = {
			isa = PBXShellScriptBuildPhase;
			buildActionMask = 2147483647;
			files = (
			);
			inputPaths = (
				"${PODS_PODFILE_DIR_PATH}/Podfile.lock",
				"${PODS_ROOT}/Manifest.lock",
			);
			name = "[CP] Check Pods Manifest.lock";
			outputPaths = (
				"$(DERIVED_FILE_DIR)/Pods-WeatherTejayExtension-checkManifestLockResult.txt",
			);
			runOnlyForDeploymentPostprocessing = 0;
			shellPath = /bin/sh;
			shellScript = "diff \"${PODS_PODFILE_DIR_PATH}/Podfile.lock\" \"${PODS_ROOT}/Manifest.lock\" > /dev/null\nif [ $? != 0 ] ; then\n    # print error to STDERR\n    echo \"error: The sandbox is not in sync with the Podfile.lock. Run 'pod install' or update your CocoaPods installation.\" >&2\n    exit 1\nfi\n# This output is used by Xcode 'outputs' to avoid re-running this script phase.\necho \"SUCCESS\" > \"${SCRIPT_OUTPUT_FILE_0}\"\n";
			showEnvVarsInLog = 0;
		};
		C667C1AA7AB36D787574016D /* [CP] Copy Pods Resources */ = {
			isa = PBXShellScriptBuildPhase;
			buildActionMask = 2147483647;
			files = (
			);
			inputPaths = (
			);
			name = "[CP] Copy Pods Resources";
			outputPaths = (
			);
			runOnlyForDeploymentPostprocessing = 0;
			shellPath = /bin/sh;
			shellScript = "\"${SRCROOT}/Pods/Target Support Files/Pods-WeatherTejayExtension/Pods-WeatherTejayExtension-resources.sh\"\n";
			showEnvVarsInLog = 0;
		};
		E9C66DE15E3A2ADCE7404236 /* [CP] Check Pods Manifest.lock */ = {
			isa = PBXShellScriptBuildPhase;
			buildActionMask = 2147483647;
			files = (
			);
			inputPaths = (
				"${PODS_PODFILE_DIR_PATH}/Podfile.lock",
				"${PODS_ROOT}/Manifest.lock",
			);
			name = "[CP] Check Pods Manifest.lock";
			outputPaths = (
				"$(DERIVED_FILE_DIR)/Pods-WeatherTejay-checkManifestLockResult.txt",
			);
			runOnlyForDeploymentPostprocessing = 0;
			shellPath = /bin/sh;
			shellScript = "diff \"${PODS_PODFILE_DIR_PATH}/Podfile.lock\" \"${PODS_ROOT}/Manifest.lock\" > /dev/null\nif [ $? != 0 ] ; then\n    # print error to STDERR\n    echo \"error: The sandbox is not in sync with the Podfile.lock. Run 'pod install' or update your CocoaPods installation.\" >&2\n    exit 1\nfi\n# This output is used by Xcode 'outputs' to avoid re-running this script phase.\necho \"SUCCESS\" > \"${SCRIPT_OUTPUT_FILE_0}\"\n";
			showEnvVarsInLog = 0;
		};
/* End PBXShellScriptBuildPhase section */

/* Begin PBXSourcesBuildPhase section */
		232B2E9A20162AE6001F260E /* Sources */ = {
			isa = PBXSourcesBuildPhase;
			buildActionMask = 2147483647;
			files = (
				232B2EAA20162AE7001F260E /* WeatherTejay.xcdatamodeld in Sources */,
				231E46ED201EC11100C5850F /* SearchViewController.swift in Sources */,
				23EBDF68203802C400D99519 /* MenuCell.swift in Sources */,
				232B2EA220162AE6001F260E /* AppDelegate.swift in Sources */,
				2334A4E02052FD5400D5C3C6 /* WebViewController.swift in Sources */,
				232B2EE320172573001F260E /* ItemCellB.swift in Sources */,
				232CE94E2022274E00B5E0B1 /* WeatherModel.swift in Sources */,
				232B2EE120172567001F260E /* ItemCellA.swift in Sources */,
				231F90F3201867D400C0DA34 /* DataModel.swift in Sources */,
				232B2ECD201704F0001F260E /* Constant.swift in Sources */,
				23EBDF6A2038073A00D99519 /* AboutViewController.swift in Sources */,
				231E4708201F9AE300C5850F /* SWRevealViewController.m in Sources */,
				232B2EDD2017249A001F260E /* CellA.swift in Sources */,
				232B2ED2201705D1001F260E /* MainViewController.swift in Sources */,
				232CE9522024669200B5E0B1 /* MenuViewController.swift in Sources */,
				232CE9502022275900B5E0B1 /* DustModel.swift in Sources */,
				231E4702201F8A7600C5850F /* Extension.swift in Sources */,
				23263DC6203B031700142A2E /* LicenseViewController.swift in Sources */,
				232B2EDF201724A6001F260E /* CellB.swift in Sources */,
				231E46FE201EE64300C5850F /* AddressCell.swift in Sources */,
				232B2ED4201716A3001F260E /* SplashViewController.swift in Sources */,
			);
			runOnlyForDeploymentPostprocessing = 0;
		};
		232B2EB62016C6E0001F260E /* Sources */ = {
			isa = PBXSourcesBuildPhase;
			buildActionMask = 2147483647;
			files = (
				23FB189A2035550900C21597 /* DataModel.swift in Sources */,
				23FB189B2035550900C21597 /* WeatherModel.swift in Sources */,
				23FB189C2035550900C21597 /* DustModel.swift in Sources */,
				231E4704201F9AB700C5850F /* Extension.swift in Sources */,
				232B2ED0201705AC001F260E /* Constant.swift in Sources */,
				232B2EC02016C6E0001F260E /* TodayViewController.swift in Sources */,
			);
			runOnlyForDeploymentPostprocessing = 0;
		};
/* End PBXSourcesBuildPhase section */

/* Begin PBXTargetDependency section */
		232B2EC62016C6E0001F260E /* PBXTargetDependency */ = {
			isa = PBXTargetDependency;
			target = 232B2EB92016C6E0001F260E /* WeatherTejayExtension */;
			targetProxy = 232B2EC52016C6E0001F260E /* PBXContainerItemProxy */;
		};
/* End PBXTargetDependency section */

/* Begin PBXVariantGroup section */
		232B2EA520162AE7001F260E /* Main.storyboard */ = {
			isa = PBXVariantGroup;
			children = (
				232B2EA620162AE7001F260E /* Base */,
				2329EC3C204D154700444FB2 /* ko */,
			);
			name = Main.storyboard;
			sourceTree = "<group>";
		};
		232B2EAD20162AE7001F260E /* LaunchScreen.storyboard */ = {
			isa = PBXVariantGroup;
			children = (
				232B2EAE20162AE7001F260E /* Base */,
				2329EC3D204D154700444FB2 /* ko */,
			);
			name = LaunchScreen.storyboard;
			sourceTree = "<group>";
		};
		232B2EC12016C6E0001F260E /* MainInterface.storyboard */ = {
			isa = PBXVariantGroup;
			children = (
				232B2EC22016C6E0001F260E /* Base */,
				2329EC3E204D154700444FB2 /* ko */,
			);
			name = MainInterface.storyboard;
			sourceTree = "<group>";
		};
/* End PBXVariantGroup section */

/* Begin XCBuildConfiguration section */
		232B2EB120162AE7001F260E /* Debug */ = {
			isa = XCBuildConfiguration;
			buildSettings = {
				ALWAYS_SEARCH_USER_PATHS = NO;
				CLANG_ANALYZER_LOCALIZABILITY_NONLOCALIZED = YES;
				CLANG_ANALYZER_NONNULL = YES;
				CLANG_ANALYZER_NUMBER_OBJECT_CONVERSION = YES_AGGRESSIVE;
				CLANG_CXX_LANGUAGE_STANDARD = "gnu++14";
				CLANG_CXX_LIBRARY = "libc++";
				CLANG_ENABLE_MODULES = YES;
				CLANG_ENABLE_OBJC_ARC = YES;
				CLANG_WARN_BLOCK_CAPTURE_AUTORELEASING = YES;
				CLANG_WARN_BOOL_CONVERSION = YES;
				CLANG_WARN_COMMA = YES;
				CLANG_WARN_CONSTANT_CONVERSION = YES;
				CLANG_WARN_DIRECT_OBJC_ISA_USAGE = YES_ERROR;
				CLANG_WARN_DOCUMENTATION_COMMENTS = YES;
				CLANG_WARN_EMPTY_BODY = YES;
				CLANG_WARN_ENUM_CONVERSION = YES;
				CLANG_WARN_INFINITE_RECURSION = YES;
				CLANG_WARN_INT_CONVERSION = YES;
				CLANG_WARN_NON_LITERAL_NULL_CONVERSION = YES;
				CLANG_WARN_OBJC_LITERAL_CONVERSION = YES;
				CLANG_WARN_OBJC_ROOT_CLASS = YES_ERROR;
				CLANG_WARN_RANGE_LOOP_ANALYSIS = YES;
				CLANG_WARN_STRICT_PROTOTYPES = YES;
				CLANG_WARN_SUSPICIOUS_MOVE = YES;
				CLANG_WARN_UNGUARDED_AVAILABILITY = YES_AGGRESSIVE;
				CLANG_WARN_UNREACHABLE_CODE = YES;
				CLANG_WARN__DUPLICATE_METHOD_MATCH = YES;
				CODE_SIGN_IDENTITY = "iPhone Developer";
				COPY_PHASE_STRIP = NO;
				DEBUG_INFORMATION_FORMAT = dwarf;
				ENABLE_STRICT_OBJC_MSGSEND = YES;
				ENABLE_TESTABILITY = YES;
				GCC_C_LANGUAGE_STANDARD = gnu11;
				GCC_DYNAMIC_NO_PIC = NO;
				GCC_NO_COMMON_BLOCKS = YES;
				GCC_OPTIMIZATION_LEVEL = 0;
				GCC_PREPROCESSOR_DEFINITIONS = (
					"DEBUG=1",
					"$(inherited)",
				);
				GCC_WARN_64_TO_32_BIT_CONVERSION = YES;
				GCC_WARN_ABOUT_RETURN_TYPE = YES_ERROR;
				GCC_WARN_UNDECLARED_SELECTOR = YES;
				GCC_WARN_UNINITIALIZED_AUTOS = YES_AGGRESSIVE;
				GCC_WARN_UNUSED_FUNCTION = YES;
				GCC_WARN_UNUSED_VARIABLE = YES;
				IPHONEOS_DEPLOYMENT_TARGET = 10.0;
				MTL_ENABLE_DEBUG_INFO = YES;
				ONLY_ACTIVE_ARCH = YES;
				SDKROOT = iphoneos;
				SWIFT_ACTIVE_COMPILATION_CONDITIONS = DEBUG;
				SWIFT_OPTIMIZATION_LEVEL = "-Onone";
			};
			name = Debug;
		};
		232B2EB220162AE7001F260E /* Release */ = {
			isa = XCBuildConfiguration;
			buildSettings = {
				ALWAYS_SEARCH_USER_PATHS = NO;
				CLANG_ANALYZER_LOCALIZABILITY_NONLOCALIZED = YES;
				CLANG_ANALYZER_NONNULL = YES;
				CLANG_ANALYZER_NUMBER_OBJECT_CONVERSION = YES_AGGRESSIVE;
				CLANG_CXX_LANGUAGE_STANDARD = "gnu++14";
				CLANG_CXX_LIBRARY = "libc++";
				CLANG_ENABLE_MODULES = YES;
				CLANG_ENABLE_OBJC_ARC = YES;
				CLANG_WARN_BLOCK_CAPTURE_AUTORELEASING = YES;
				CLANG_WARN_BOOL_CONVERSION = YES;
				CLANG_WARN_COMMA = YES;
				CLANG_WARN_CONSTANT_CONVERSION = YES;
				CLANG_WARN_DIRECT_OBJC_ISA_USAGE = YES_ERROR;
				CLANG_WARN_DOCUMENTATION_COMMENTS = YES;
				CLANG_WARN_EMPTY_BODY = YES;
				CLANG_WARN_ENUM_CONVERSION = YES;
				CLANG_WARN_INFINITE_RECURSION = YES;
				CLANG_WARN_INT_CONVERSION = YES;
				CLANG_WARN_NON_LITERAL_NULL_CONVERSION = YES;
				CLANG_WARN_OBJC_LITERAL_CONVERSION = YES;
				CLANG_WARN_OBJC_ROOT_CLASS = YES_ERROR;
				CLANG_WARN_RANGE_LOOP_ANALYSIS = YES;
				CLANG_WARN_STRICT_PROTOTYPES = YES;
				CLANG_WARN_SUSPICIOUS_MOVE = YES;
				CLANG_WARN_UNGUARDED_AVAILABILITY = YES_AGGRESSIVE;
				CLANG_WARN_UNREACHABLE_CODE = YES;
				CLANG_WARN__DUPLICATE_METHOD_MATCH = YES;
				CODE_SIGN_IDENTITY = "iPhone Developer";
				COPY_PHASE_STRIP = NO;
				DEBUG_INFORMATION_FORMAT = "dwarf-with-dsym";
				ENABLE_NS_ASSERTIONS = NO;
				ENABLE_STRICT_OBJC_MSGSEND = YES;
				GCC_C_LANGUAGE_STANDARD = gnu11;
				GCC_NO_COMMON_BLOCKS = YES;
				GCC_WARN_64_TO_32_BIT_CONVERSION = YES;
				GCC_WARN_ABOUT_RETURN_TYPE = YES_ERROR;
				GCC_WARN_UNDECLARED_SELECTOR = YES;
				GCC_WARN_UNINITIALIZED_AUTOS = YES_AGGRESSIVE;
				GCC_WARN_UNUSED_FUNCTION = YES;
				GCC_WARN_UNUSED_VARIABLE = YES;
				IPHONEOS_DEPLOYMENT_TARGET = 10.0;
				MTL_ENABLE_DEBUG_INFO = NO;
				SDKROOT = iphoneos;
				SWIFT_OPTIMIZATION_LEVEL = "-Owholemodule";
				VALIDATE_PRODUCT = YES;
			};
			name = Release;
		};
		232B2EB420162AE7001F260E /* Debug */ = {
			isa = XCBuildConfiguration;
			baseConfigurationReference = E2172F0AC0895C3B5DECBD9A /* Pods-WeatherTejay.debug.xcconfig */;
			buildSettings = {
				ALWAYS_EMBED_SWIFT_STANDARD_LIBRARIES = YES;
				ASSETCATALOG_COMPILER_APPICON_NAME = AppIcon;
				CLANG_ENABLE_MODULES = YES;
				CODE_SIGN_STYLE = Automatic;
				DEVELOPMENT_TEAM = 3UGB7ZX43H;
				INFOPLIST_FILE = WeatherTejay/Info.plist;
				IPHONEOS_DEPLOYMENT_TARGET = 10.0;
				LD_RUNPATH_SEARCH_PATHS = "$(inherited) @executable_path/Frameworks";
				PRODUCT_BUNDLE_IDENTIFIER = com.devtejay.WeatherTejay;
				PRODUCT_NAME = "$(TARGET_NAME)";
				SWIFT_OBJC_BRIDGING_HEADER = "WeatherTejay/Supporting Files/WeatherTejay-Bridging-Header.h";
				SWIFT_OPTIMIZATION_LEVEL = "-Onone";
				SWIFT_VERSION = 4.0;
				TARGETED_DEVICE_FAMILY = 1;
			};
			name = Debug;
		};
		232B2EB520162AE7001F260E /* Release */ = {
			isa = XCBuildConfiguration;
			baseConfigurationReference = D3AD682F264EECD41BE2E41B /* Pods-WeatherTejay.release.xcconfig */;
			buildSettings = {
				ALWAYS_EMBED_SWIFT_STANDARD_LIBRARIES = YES;
				ASSETCATALOG_COMPILER_APPICON_NAME = AppIcon;
				CLANG_ENABLE_MODULES = YES;
				CODE_SIGN_STYLE = Automatic;
				DEVELOPMENT_TEAM = 3UGB7ZX43H;
				INFOPLIST_FILE = WeatherTejay/Info.plist;
				IPHONEOS_DEPLOYMENT_TARGET = 10.0;
				LD_RUNPATH_SEARCH_PATHS = "$(inherited) @executable_path/Frameworks";
				PRODUCT_BUNDLE_IDENTIFIER = com.devtejay.WeatherTejay;
				PRODUCT_NAME = "$(TARGET_NAME)";
				SWIFT_OBJC_BRIDGING_HEADER = "WeatherTejay/Supporting Files/WeatherTejay-Bridging-Header.h";
				SWIFT_VERSION = 4.0;
				TARGETED_DEVICE_FAMILY = 1;
			};
			name = Release;
		};
		232B2EC92016C6E0001F260E /* Debug */ = {
			isa = XCBuildConfiguration;
			baseConfigurationReference = 075A1D7F6E037A5702431BAD /* Pods-WeatherTejayExtension.debug.xcconfig */;
			buildSettings = {
				CODE_SIGN_STYLE = Automatic;
				DEVELOPMENT_TEAM = 3UGB7ZX43H;
				INFOPLIST_FILE = WeatherTejayExtension/Info.plist;
				IPHONEOS_DEPLOYMENT_TARGET = 10.0;
				LD_RUNPATH_SEARCH_PATHS = "$(inherited) @executable_path/Frameworks @executable_path/../../Frameworks";
				PRODUCT_BUNDLE_IDENTIFIER = com.devtejay.WeatherTejay.WeatherTejayExtension;
				PRODUCT_NAME = "$(TARGET_NAME)";
				SKIP_INSTALL = YES;
				SWIFT_VERSION = 4.0;
				TARGETED_DEVICE_FAMILY = 1;
			};
			name = Debug;
		};
		232B2ECA2016C6E0001F260E /* Release */ = {
			isa = XCBuildConfiguration;
			baseConfigurationReference = 3586AFF9490ABE383441F619 /* Pods-WeatherTejayExtension.release.xcconfig */;
			buildSettings = {
				CODE_SIGN_STYLE = Automatic;
				DEVELOPMENT_TEAM = 3UGB7ZX43H;
				INFOPLIST_FILE = WeatherTejayExtension/Info.plist;
				IPHONEOS_DEPLOYMENT_TARGET = 10.0;
				LD_RUNPATH_SEARCH_PATHS = "$(inherited) @executable_path/Frameworks @executable_path/../../Frameworks";
				PRODUCT_BUNDLE_IDENTIFIER = com.devtejay.WeatherTejay.WeatherTejayExtension;
				PRODUCT_NAME = "$(TARGET_NAME)";
				SKIP_INSTALL = YES;
				SWIFT_VERSION = 4.0;
				TARGETED_DEVICE_FAMILY = 1;
			};
			name = Release;
		};
/* End XCBuildConfiguration section */

/* Begin XCConfigurationList section */
		232B2E9920162AE6001F260E /* Build configuration list for PBXProject "WeatherTejay" */ = {
			isa = XCConfigurationList;
			buildConfigurations = (
				232B2EB120162AE7001F260E /* Debug */,
				232B2EB220162AE7001F260E /* Release */,
			);
			defaultConfigurationIsVisible = 0;
			defaultConfigurationName = Release;
		};
		232B2EB320162AE7001F260E /* Build configuration list for PBXNativeTarget "WeatherTejay" */ = {
			isa = XCConfigurationList;
			buildConfigurations = (
				232B2EB420162AE7001F260E /* Debug */,
				232B2EB520162AE7001F260E /* Release */,
			);
			defaultConfigurationIsVisible = 0;
			defaultConfigurationName = Release;
		};
		232B2EC82016C6E0001F260E /* Build configuration list for PBXNativeTarget "WeatherTejayExtension" */ = {
			isa = XCConfigurationList;
			buildConfigurations = (
				232B2EC92016C6E0001F260E /* Debug */,
				232B2ECA2016C6E0001F260E /* Release */,
			);
			defaultConfigurationIsVisible = 0;
			defaultConfigurationName = Release;
		};
/* End XCConfigurationList section */

/* Begin XCVersionGroup section */
		232B2EA820162AE7001F260E /* WeatherTejay.xcdatamodeld */ = {
			isa = XCVersionGroup;
			children = (
				232B2EA920162AE7001F260E /* WeatherTejay.xcdatamodel */,
			);
			currentVersion = 232B2EA920162AE7001F260E /* WeatherTejay.xcdatamodel */;
			path = WeatherTejay.xcdatamodeld;
			sourceTree = "<group>";
			versionGroupType = wrapper.xcdatamodel;
		};
/* End XCVersionGroup section */
	};
	rootObject = 232B2E9620162AE6001F260E /* Project object */;
}
